
Microsoft Visual Studio Solution File, Format Version 12.00
# Visual Studio Version 17
VisualStudioVersion = 17.0.31903.59
MinimumVisualStudioVersion = 10.0.40219.1
Project("{2150E333-8FDC-42A3-9474-1A3956D46DE8}") = "Source", "Source", "{B8EFCA5F-814F-285C-A8CB-F00F14650265}"
EndProject
Project("{FAE04EC0-301F-11D3-BF4B-00C04F79EFBC}") = "BlinkTalk.Application", "Source\BlinkTalk.Application\BlinkTalk.Application.csproj", "{70CA9718-D20D-451A-A1CC-748A0DC53582}"
EndProject
Project("{FAE04EC0-301F-11D3-BF4B-00C04F79EFBC}") = "BlinkTalk", "Source\BlinkTalk\BlinkTalk.csproj", "{FDEF7086-91AB-4486-B397-9A48BECA3224}"
EndProject
Project("{FAE04EC0-301F-11D3-BF4B-00C04F79EFBC}") = "BlinkTalk.Application.Tests", "Source\BlinkTalk.Application.Tests\BlinkTalk.Application.Tests.csproj", "{F359C406-E97D-4CB3-9A9B-9ABA8A2C842F}"
EndProject
Global
	GlobalSection(SolutionConfigurationPlatforms) = preSolution
		Debug|Any CPU = Debug|Any CPU
		Debug|x64 = Debug|x64
		Debug|x86 = Debug|x86
		Release|Any CPU = Release|Any CPU
		Release|x64 = Release|x64
		Release|x86 = Release|x86
	EndGlobalSection
	GlobalSection(ProjectConfigurationPlatforms) = postSolution
		{70CA9718-D20D-451A-A1CC-748A0DC53582}.Debug|Any CPU.ActiveCfg = Debug|Any CPU
		{70CA9718-D20D-451A-A1CC-748A0DC53582}.Debug|Any CPU.Build.0 = Debug|Any CPU
		{70CA9718-D20D-451A-A1CC-748A0DC53582}.Debug|x64.ActiveCfg = Debug|Any CPU
		{70CA9718-D20D-451A-A1CC-748A0DC53582}.Debug|x64.Build.0 = Debug|Any CPU
		{70CA9718-D20D-451A-A1CC-748A0DC53582}.Debug|x86.ActiveCfg = Debug|Any CPU
		{70CA9718-D20D-451A-A1CC-748A0DC53582}.Debug|x86.Build.0 = Debug|Any CPU
		{70CA9718-D20D-451A-A1CC-748A0DC53582}.Release|Any CPU.ActiveCfg = Release|Any CPU
		{70CA9718-D20D-451A-A1CC-748A0DC53582}.Release|Any CPU.Build.0 = Release|Any CPU
		{70CA9718-D20D-451A-A1CC-748A0DC53582}.Release|x64.ActiveCfg = Release|Any CPU
		{70CA9718-D20D-451A-A1CC-748A0DC53582}.Release|x64.Build.0 = Release|Any CPU
		{70CA9718-D20D-451A-A1CC-748A0DC53582}.Release|x86.ActiveCfg = Release|Any CPU
		{70CA9718-D20D-451A-A1CC-748A0DC53582}.Release|x86.Build.0 = Release|Any CPU
		{FDEF7086-91AB-4486-B397-9A48BECA3224}.Debug|Any CPU.ActiveCfg = Debug|Any CPU
		{FDEF7086-91AB-4486-B397-9A48BECA3224}.Debug|Any CPU.Build.0 = Debug|Any CPU
		{FDEF7086-91AB-4486-B397-9A48BECA3224}.Debug|x64.ActiveCfg = Debug|Any CPU
		{FDEF7086-91AB-4486-B397-9A48BECA3224}.Debug|x64.Build.0 = Debug|Any CPU
		{FDEF7086-91AB-4486-B397-9A48BECA3224}.Debug|x86.ActiveCfg = Debug|Any CPU
		{FDEF7086-91AB-4486-B397-9A48BECA3224}.Debug|x86.Build.0 = Debug|Any CPU
		{FDEF7086-91AB-4486-B397-9A48BECA3224}.Release|Any CPU.ActiveCfg = Release|Any CPU
		{FDEF7086-91AB-4486-B397-9A48BECA3224}.Release|Any CPU.Build.0 = Release|Any CPU
		{FDEF7086-91AB-4486-B397-9A48BECA3224}.Release|x64.ActiveCfg = Release|Any CPU
		{FDEF7086-91AB-4486-B397-9A48BECA3224}.Release|x64.Build.0 = Release|Any CPU
		{FDEF7086-91AB-4486-B397-9A48BECA3224}.Release|x86.ActiveCfg = Release|Any CPU
		{FDEF7086-91AB-4486-B397-9A48BECA3224}.Release|x86.Build.0 = Release|Any CPU
		{F359C406-E97D-4CB3-9A9B-9ABA8A2C842F}.Debug|Any CPU.ActiveCfg = Debug|Any CPU
		{F359C406-E97D-4CB3-9A9B-9ABA8A2C842F}.Debug|Any CPU.Build.0 = Debug|Any CPU
		{F359C406-E97D-4CB3-9A9B-9ABA8A2C842F}.Debug|x64.ActiveCfg = Debug|Any CPU
		{F359C406-E97D-4CB3-9A9B-9ABA8A2C842F}.Debug|x64.Build.0 = Debug|Any CPU
		{F359C406-E97D-4CB3-9A9B-9ABA8A2C842F}.Debug|x86.ActiveCfg = Debug|Any CPU
		{F359C406-E97D-4CB3-9A9B-9ABA8A2C842F}.Debug|x86.Build.0 = Debug|Any CPU
		{F359C406-E97D-4CB3-9A9B-9ABA8A2C842F}.Release|Any CPU.ActiveCfg = Release|Any CPU
		{F359C406-E97D-4CB3-9A9B-9ABA8A2C842F}.Release|Any CPU.Build.0 = Release|Any CPU
		{F359C406-E97D-4CB3-9A9B-9ABA8A2C842F}.Release|x64.ActiveCfg = Release|Any CPU
		{F359C406-E97D-4CB3-9A9B-9ABA8A2C842F}.Release|x64.Build.0 = Release|Any CPU
		{F359C406-E97D-4CB3-9A9B-9ABA8A2C842F}.Release|x86.ActiveCfg = Release|Any CPU
		{F359C406-E97D-4CB3-9A9B-9ABA8A2C842F}.Release|x86.Build.0 = Release|Any CPU
	EndGlobalSection
	GlobalSection(SolutionProperties) = preSolution
		HideSolutionNode = FALSE
	EndGlobalSection
	GlobalSection(NestedProjects) = preSolution
		{70CA9718-D20D-451A-A1CC-748A0DC53582} = {B8EFCA5F-814F-285C-A8CB-F00F14650265}
		{FDEF7086-91AB-4486-B397-9A48BECA3224} = {B8EFCA5F-814F-285C-A8CB-F00F14650265}
		{F359C406-E97D-4CB3-9A9B-9ABA8A2C842F} = {B8EFCA5F-814F-285C-A8CB-F00F14650265}
	EndGlobalSection
EndGlobal
